
Microsoft Visual Studio Solution File, Format Version 12.00
# Visual Studio Version 17
VisualStudioVersion = 17.14.36518.9
MinimumVisualStudioVersion = 10.0.40219.1
Project("{FAE04EC0-301F-11D3-BF4B-00C04F79EFBC}") = "ArraysAndLists", "ArraysAndLists\ArraysAndLists.csproj", "{4E4A380D-BA2D-48BE-B311-EA03E458B647}"
EndProject
Project("{FAE04EC0-301F-11D3-BF4B-00C04F79EFBC}") = "StacksAndQueues", "StacksAndQueues\StacksAndQueues\StacksAndQueues.csproj", "{6C564869-FC97-8315-8CDB-183AADA36E16}"
EndProject
Project("{FAE04EC0-301F-11D3-BF4B-00C04F79EFBC}") = "DictionaryUse", "DictionaryUse\DictionaryUse.csproj", "{89CD0A86-FC82-4C72-AD1D-D631B67ECC41}"
EndProject
Project("{FAE04EC0-301F-11D3-BF4B-00C04F79EFBC}") = "LinkedList", "LinkedList\LinkedList.csproj", "{B9A4E8A2-8359-479F-8A1D-5CC0E8E0EDC0}"
EndProject
Global
	GlobalSection(SolutionConfigurationPlatforms) = preSolution
		Debug|Any CPU = Debug|Any CPU
		Release|Any CPU = Release|Any CPU
	EndGlobalSection
	GlobalSection(ProjectConfigurationPlatforms) = postSolution
		{4E4A380D-BA2D-48BE-B311-EA03E458B647}.Debug|Any CPU.ActiveCfg = Debug|Any CPU
		{4E4A380D-BA2D-48BE-B311-EA03E458B647}.Debug|Any CPU.Build.0 = Debug|Any CPU
		{4E4A380D-BA2D-48BE-B311-EA03E458B647}.Release|Any CPU.ActiveCfg = Release|Any CPU
		{4E4A380D-BA2D-48BE-B311-EA03E458B647}.Release|Any CPU.Build.0 = Release|Any CPU
		{6C564869-FC97-8315-8CDB-183AADA36E16}.Debug|Any CPU.ActiveCfg = Debug|Any CPU
		{6C564869-FC97-8315-8CDB-183AADA36E16}.Debug|Any CPU.Build.0 = Debug|Any CPU
		{6C564869-FC97-8315-8CDB-183AADA36E16}.Release|Any CPU.ActiveCfg = Release|Any CPU
		{6C564869-FC97-8315-8CDB-183AADA36E16}.Release|Any CPU.Build.0 = Release|Any CPU
		{89CD0A86-FC82-4C72-AD1D-D631B67ECC41}.Debug|Any CPU.ActiveCfg = Debug|Any CPU
		{89CD0A86-FC82-4C72-AD1D-D631B67ECC41}.Debug|Any CPU.Build.0 = Debug|Any CPU
		{89CD0A86-FC82-4C72-AD1D-D631B67ECC41}.Release|Any CPU.ActiveCfg = Release|Any CPU
		{89CD0A86-FC82-4C72-AD1D-D631B67ECC41}.Release|Any CPU.Build.0 = Release|Any CPU
		{B9A4E8A2-8359-479F-8A1D-5CC0E8E0EDC0}.Debug|Any CPU.ActiveCfg = Debug|Any CPU
		{B9A4E8A2-8359-479F-8A1D-5CC0E8E0EDC0}.Debug|Any CPU.Build.0 = Debug|Any CPU
		{B9A4E8A2-8359-479F-8A1D-5CC0E8E0EDC0}.Release|Any CPU.ActiveCfg = Release|Any CPU
		{B9A4E8A2-8359-479F-8A1D-5CC0E8E0EDC0}.Release|Any CPU.Build.0 = Release|Any CPU
	EndGlobalSection
	GlobalSection(SolutionProperties) = preSolution
		HideSolutionNode = FALSE
	EndGlobalSection
	GlobalSection(ExtensibilityGlobals) = postSolution
		SolutionGuid = {424B85D2-9997-4F76-A14B-45B0CD8534AA}
	EndGlobalSection
EndGlobal
